# IF THERE'S A GIT CONFLICT IN THIS FILE, DON'T SOLVE IT MANUALLY!
# INSTEAD EXECUTE `prisma migrate fix`
# Prisma Migrate lockfile v1
# Read more about conflict resolution here: TODO

20200423150639-init
20200423221412-init
20200427143751-init
20200427161003-init
20200427171319-init
20200428165439-init
20200430132128-init
20200430134449-init
20200430160601-init
20200509205336-init
20200514201855-init